
Microsoft Visual Studio Solution File, Format Version 12.00
# Visual Studio 14
VisualStudioVersion = 14.0.25420.1
MinimumVisualStudioVersion = 10.0.40219.1
Project("{2150E333-8FDC-42A3-9474-1A3956D46DE8}") = "DomainData", "DomainData", "{D929F0E2-6DB6-44FB-A0AC-91575A37D412}"
EndProject
Project("{2150E333-8FDC-42A3-9474-1A3956D46DE8}") = "ServiceInterfaces", "ServiceInterfaces", "{52E320D6-30BC-4DC6-9C3A-10FB7E7B1228}"
EndProject
Project("{FAE04EC0-301F-11D3-BF4B-00C04F79EFBC}") = "DomainData", "DomainData\DomainData.csproj", "{7ED09EF5-1AFC-4955-8D77-3C3D61C4FB51}"
EndProject
Project("{FAE04EC0-301F-11D3-BF4B-00C04F79EFBC}") = "ServiceInterfaces", "ServiceInterfaces\ServiceInterfaces.csproj", "{BE701549-33D0-4895-83D3-3A809CC0EAA6}"
EndProject
Project("{2150E333-8FDC-42A3-9474-1A3956D46DE8}") = "BLL", "BLL", "{A2880392-B4EE-401E-B896-8FD38E8B0176}"
EndProject
Project("{2150E333-8FDC-42A3-9474-1A3956D46DE8}") = "Infrastructure", "Infrastructure", "{AAAD01AE-698E-470D-B07A-BFE80E4046CB}"
EndProject
Project("{FAE04EC0-301F-11D3-BF4B-00C04F79EFBC}") = "CommandProcessing", "BLL\Invoker\CommandProcessing.csproj", "{A9C0A719-E20B-4C57-A443-8C994C70FDA9}"
EndProject
Project("{2150E333-8FDC-42A3-9474-1A3956D46DE8}") = "Protocols", "Protocols", "{343290BB-98AD-4ACE-9A42-9DBD64539931}"
EndProject
Project("{FAE04EC0-301F-11D3-BF4B-00C04F79EFBC}") = "DirectConnect", "Infrastructure\DirectConnect\DirectConnect.csproj", "{FAA63C26-F283-466A-8486-8EECC976D515}"
EndProject
Project("{FAE04EC0-301F-11D3-BF4B-00C04F79EFBC}") = "KaLEDoscope", "KaLEDoscope\KaLEDoscope.csproj", "{292A3EC8-0E26-49B1-B89F-7B9DC2875AFD}"
EndProject
Project("{FAE04EC0-301F-11D3-BF4B-00C04F79EFBC}") = "Logger", "Logger\Logger.csproj", "{F5C748BA-65E1-430D-8385-CFD198FE850E}"
EndProject
Project("{2150E333-8FDC-42A3-9474-1A3956D46DE8}") = "Devices", "Devices", "{86379913-F85B-4466-A82D-0FCAA3D65501}"
EndProject
Project("{FAE04EC0-301F-11D3-BF4B-00C04F79EFBC}") = "Timer", "Infrastructure\Devices\Timer\Timer.csproj", "{96D808B9-C3F8-4604-BE96-2C85074EC088}"
EndProject
Project("{FAE04EC0-301F-11D3-BF4B-00C04F79EFBC}") = "NetworkConsole", "NetworkConsole\NetworkConsole.csproj", "{F750C8E3-326C-4FF1-B4A9-4B58FB296C7C}"
EndProject
Global
	GlobalSection(SolutionConfigurationPlatforms) = preSolution
		Debug|Any CPU = Debug|Any CPU
		Release|Any CPU = Release|Any CPU
	EndGlobalSection
	GlobalSection(ProjectConfigurationPlatforms) = postSolution
		{7ED09EF5-1AFC-4955-8D77-3C3D61C4FB51}.Debug|Any CPU.ActiveCfg = Debug|Any CPU
		{7ED09EF5-1AFC-4955-8D77-3C3D61C4FB51}.Debug|Any CPU.Build.0 = Debug|Any CPU
		{7ED09EF5-1AFC-4955-8D77-3C3D61C4FB51}.Release|Any CPU.ActiveCfg = Release|Any CPU
		{7ED09EF5-1AFC-4955-8D77-3C3D61C4FB51}.Release|Any CPU.Build.0 = Release|Any CPU
		{BE701549-33D0-4895-83D3-3A809CC0EAA6}.Debug|Any CPU.ActiveCfg = Debug|Any CPU
		{BE701549-33D0-4895-83D3-3A809CC0EAA6}.Debug|Any CPU.Build.0 = Debug|Any CPU
		{BE701549-33D0-4895-83D3-3A809CC0EAA6}.Release|Any CPU.ActiveCfg = Release|Any CPU
		{BE701549-33D0-4895-83D3-3A809CC0EAA6}.Release|Any CPU.Build.0 = Release|Any CPU
		{A9C0A719-E20B-4C57-A443-8C994C70FDA9}.Debug|Any CPU.ActiveCfg = Debug|Any CPU
		{A9C0A719-E20B-4C57-A443-8C994C70FDA9}.Debug|Any CPU.Build.0 = Debug|Any CPU
		{A9C0A719-E20B-4C57-A443-8C994C70FDA9}.Release|Any CPU.ActiveCfg = Release|Any CPU
		{A9C0A719-E20B-4C57-A443-8C994C70FDA9}.Release|Any CPU.Build.0 = Release|Any CPU
		{FAA63C26-F283-466A-8486-8EECC976D515}.Debug|Any CPU.ActiveCfg = Debug|Any CPU
		{FAA63C26-F283-466A-8486-8EECC976D515}.Debug|Any CPU.Build.0 = Debug|Any CPU
		{FAA63C26-F283-466A-8486-8EECC976D515}.Release|Any CPU.ActiveCfg = Release|Any CPU
		{FAA63C26-F283-466A-8486-8EECC976D515}.Release|Any CPU.Build.0 = Release|Any CPU
		{292A3EC8-0E26-49B1-B89F-7B9DC2875AFD}.Debug|Any CPU.ActiveCfg = Debug|Any CPU
		{292A3EC8-0E26-49B1-B89F-7B9DC2875AFD}.Debug|Any CPU.Build.0 = Debug|Any CPU
		{292A3EC8-0E26-49B1-B89F-7B9DC2875AFD}.Release|Any CPU.ActiveCfg = Release|Any CPU
		{292A3EC8-0E26-49B1-B89F-7B9DC2875AFD}.Release|Any CPU.Build.0 = Release|Any CPU
		{F5C748BA-65E1-430D-8385-CFD198FE850E}.Debug|Any CPU.ActiveCfg = Debug|Any CPU
		{F5C748BA-65E1-430D-8385-CFD198FE850E}.Debug|Any CPU.Build.0 = Debug|Any CPU
		{F5C748BA-65E1-430D-8385-CFD198FE850E}.Release|Any CPU.ActiveCfg = Release|Any CPU
		{F5C748BA-65E1-430D-8385-CFD198FE850E}.Release|Any CPU.Build.0 = Release|Any CPU
		{96D808B9-C3F8-4604-BE96-2C85074EC088}.Debug|Any CPU.ActiveCfg = Debug|Any CPU
		{96D808B9-C3F8-4604-BE96-2C85074EC088}.Debug|Any CPU.Build.0 = Debug|Any CPU
		{96D808B9-C3F8-4604-BE96-2C85074EC088}.Release|Any CPU.ActiveCfg = Release|Any CPU
		{96D808B9-C3F8-4604-BE96-2C85074EC088}.Release|Any CPU.Build.0 = Release|Any CPU
		{F750C8E3-326C-4FF1-B4A9-4B58FB296C7C}.Debug|Any CPU.ActiveCfg = Debug|Any CPU
		{F750C8E3-326C-4FF1-B4A9-4B58FB296C7C}.Debug|Any CPU.Build.0 = Debug|Any CPU
		{F750C8E3-326C-4FF1-B4A9-4B58FB296C7C}.Release|Any CPU.ActiveCfg = Release|Any CPU
		{F750C8E3-326C-4FF1-B4A9-4B58FB296C7C}.Release|Any CPU.Build.0 = Release|Any CPU
	EndGlobalSection
	GlobalSection(SolutionProperties) = preSolution
		HideSolutionNode = FALSE
	EndGlobalSection
	GlobalSection(NestedProjects) = preSolution
		{7ED09EF5-1AFC-4955-8D77-3C3D61C4FB51} = {D929F0E2-6DB6-44FB-A0AC-91575A37D412}
		{BE701549-33D0-4895-83D3-3A809CC0EAA6} = {52E320D6-30BC-4DC6-9C3A-10FB7E7B1228}
		{A9C0A719-E20B-4C57-A443-8C994C70FDA9} = {A2880392-B4EE-401E-B896-8FD38E8B0176}
		{343290BB-98AD-4ACE-9A42-9DBD64539931} = {AAAD01AE-698E-470D-B07A-BFE80E4046CB}
		{FAA63C26-F283-466A-8486-8EECC976D515} = {343290BB-98AD-4ACE-9A42-9DBD64539931}
		{F5C748BA-65E1-430D-8385-CFD198FE850E} = {AAAD01AE-698E-470D-B07A-BFE80E4046CB}
		{86379913-F85B-4466-A82D-0FCAA3D65501} = {AAAD01AE-698E-470D-B07A-BFE80E4046CB}
		{96D808B9-C3F8-4604-BE96-2C85074EC088} = {86379913-F85B-4466-A82D-0FCAA3D65501}
	EndGlobalSection
EndGlobal
