
Microsoft Visual Studio Solution File, Format Version 12.00
# Visual Studio 15
VisualStudioVersion = 15.0.27130.2036
MinimumVisualStudioVersion = 10.0.40219.1
Project("{FAE04EC0-301F-11D3-BF4B-00C04F79EFBC}") = "KaLEDoscope", "KaLEDoscope\KaLEDoscope.csproj", "{292A3EC8-0E26-49B1-B89F-7B9DC2875AFD}"
EndProject
Project("{2150E333-8FDC-42A3-9474-1A3956D46DE8}") = "ServiceInterfaces", "ServiceInterfaces", "{52E320D6-30BC-4DC6-9C3A-10FB7E7B1228}"
EndProject
Project("{FAE04EC0-301F-11D3-BF4B-00C04F79EFBC}") = "ServiceInterfaces", "ServiceInterfaces\ServiceInterfaces.csproj", "{BE701549-33D0-4895-83D3-3A809CC0EAA6}"
EndProject
Project("{2150E333-8FDC-42A3-9474-1A3956D46DE8}") = "BLL", "BLL", "{A2880392-B4EE-401E-B896-8FD38E8B0176}"
EndProject
Project("{2150E333-8FDC-42A3-9474-1A3956D46DE8}") = "Infrastructure", "Infrastructure", "{AAAD01AE-698E-470D-B07A-BFE80E4046CB}"
EndProject
Project("{FAE04EC0-301F-11D3-BF4B-00C04F79EFBC}") = "CommandProcessing", "BLL\Invoker\CommandProcessing.csproj", "{A9C0A719-E20B-4C57-A443-8C994C70FDA9}"
EndProject
Project("{FAE04EC0-301F-11D3-BF4B-00C04F79EFBC}") = "Logger", "Logger\Logger.csproj", "{F5C748BA-65E1-430D-8385-CFD198FE850E}"
EndProject
Project("{2150E333-8FDC-42A3-9474-1A3956D46DE8}") = "Devices", "Devices", "{86379913-F85B-4466-A82D-0FCAA3D65501}"
EndProject
Project("{FAE04EC0-301F-11D3-BF4B-00C04F79EFBC}") = "SevenSegmentBoardDevice", "Infrastructure\Devices\Timer\SevenSegmentBoardDevice.csproj", "{96D808B9-C3F8-4604-BE96-2C85074EC088}"
EndProject
Project("{FAE04EC0-301F-11D3-BF4B-00C04F79EFBC}") = "NetworkConsole", "NetworkConsole\NetworkConsole.csproj", "{F750C8E3-326C-4FF1-B4A9-4B58FB296C7C}"
EndProject
Project("{FAE04EC0-301F-11D3-BF4B-00C04F79EFBC}") = "DeviceFactory", "DeviceFactory\DeviceFactory.csproj", "{E2B6818F-68C8-40A1-8AC6-152BF9B48EA3}"
EndProject
Project("{FAE04EC0-301F-11D3-BF4B-00C04F79EFBC}") = "BaseDevice", "BaseDevice\BaseDevice.csproj", "{677B5FDE-5DA7-4065-B446-014822533CBC}"
EndProject
Project("{FAE04EC0-301F-11D3-BF4B-00C04F79EFBC}") = "DeviceBuilding", "DeviceBuilding\DeviceBuilding.csproj", "{2D60FBB1-2869-4354-939B-7F72D9B314B3}"
EndProject
Project("{2150E333-8FDC-42A3-9474-1A3956D46DE8}") = "Domain", "Domain", "{CB066D1E-7C67-40AC-9F9F-19D75635B074}"
EndProject
Project("{2150E333-8FDC-42A3-9474-1A3956D46DE8}") = "Abstractions", "Abstractions", "{6216A19E-CA5A-4107-9F92-87BE13A346AB}"
EndProject
Project("{FAE04EC0-301F-11D3-BF4B-00C04F79EFBC}") = "Abstractions", "Domain\Abstractions\Abstractions\Abstractions.csproj", "{11FBA52A-1C5B-4248-A35C-3B7C95D9480C}"
EndProject
Global
	GlobalSection(SolutionConfigurationPlatforms) = preSolution
		Debug|Any CPU = Debug|Any CPU
		Release|Any CPU = Release|Any CPU
	EndGlobalSection
	GlobalSection(ProjectConfigurationPlatforms) = postSolution
		{292A3EC8-0E26-49B1-B89F-7B9DC2875AFD}.Debug|Any CPU.ActiveCfg = Debug|Any CPU
		{292A3EC8-0E26-49B1-B89F-7B9DC2875AFD}.Debug|Any CPU.Build.0 = Debug|Any CPU
		{292A3EC8-0E26-49B1-B89F-7B9DC2875AFD}.Release|Any CPU.ActiveCfg = Release|Any CPU
		{292A3EC8-0E26-49B1-B89F-7B9DC2875AFD}.Release|Any CPU.Build.0 = Release|Any CPU
		{BE701549-33D0-4895-83D3-3A809CC0EAA6}.Debug|Any CPU.ActiveCfg = Debug|Any CPU
		{BE701549-33D0-4895-83D3-3A809CC0EAA6}.Debug|Any CPU.Build.0 = Debug|Any CPU
		{BE701549-33D0-4895-83D3-3A809CC0EAA6}.Release|Any CPU.ActiveCfg = Release|Any CPU
		{BE701549-33D0-4895-83D3-3A809CC0EAA6}.Release|Any CPU.Build.0 = Release|Any CPU
		{A9C0A719-E20B-4C57-A443-8C994C70FDA9}.Debug|Any CPU.ActiveCfg = Debug|Any CPU
		{A9C0A719-E20B-4C57-A443-8C994C70FDA9}.Debug|Any CPU.Build.0 = Debug|Any CPU
		{A9C0A719-E20B-4C57-A443-8C994C70FDA9}.Release|Any CPU.ActiveCfg = Release|Any CPU
		{A9C0A719-E20B-4C57-A443-8C994C70FDA9}.Release|Any CPU.Build.0 = Release|Any CPU
		{F5C748BA-65E1-430D-8385-CFD198FE850E}.Debug|Any CPU.ActiveCfg = Debug|Any CPU
		{F5C748BA-65E1-430D-8385-CFD198FE850E}.Debug|Any CPU.Build.0 = Debug|Any CPU
		{F5C748BA-65E1-430D-8385-CFD198FE850E}.Release|Any CPU.ActiveCfg = Release|Any CPU
		{F5C748BA-65E1-430D-8385-CFD198FE850E}.Release|Any CPU.Build.0 = Release|Any CPU
		{96D808B9-C3F8-4604-BE96-2C85074EC088}.Debug|Any CPU.ActiveCfg = Debug|Any CPU
		{96D808B9-C3F8-4604-BE96-2C85074EC088}.Debug|Any CPU.Build.0 = Debug|Any CPU
		{96D808B9-C3F8-4604-BE96-2C85074EC088}.Release|Any CPU.ActiveCfg = Release|Any CPU
		{96D808B9-C3F8-4604-BE96-2C85074EC088}.Release|Any CPU.Build.0 = Release|Any CPU
		{F750C8E3-326C-4FF1-B4A9-4B58FB296C7C}.Debug|Any CPU.ActiveCfg = Debug|Any CPU
		{F750C8E3-326C-4FF1-B4A9-4B58FB296C7C}.Debug|Any CPU.Build.0 = Debug|Any CPU
		{F750C8E3-326C-4FF1-B4A9-4B58FB296C7C}.Release|Any CPU.ActiveCfg = Release|Any CPU
		{F750C8E3-326C-4FF1-B4A9-4B58FB296C7C}.Release|Any CPU.Build.0 = Release|Any CPU
		{E2B6818F-68C8-40A1-8AC6-152BF9B48EA3}.Debug|Any CPU.ActiveCfg = Debug|Any CPU
		{E2B6818F-68C8-40A1-8AC6-152BF9B48EA3}.Debug|Any CPU.Build.0 = Debug|Any CPU
		{E2B6818F-68C8-40A1-8AC6-152BF9B48EA3}.Release|Any CPU.ActiveCfg = Release|Any CPU
		{E2B6818F-68C8-40A1-8AC6-152BF9B48EA3}.Release|Any CPU.Build.0 = Release|Any CPU
		{677B5FDE-5DA7-4065-B446-014822533CBC}.Debug|Any CPU.ActiveCfg = Debug|Any CPU
		{677B5FDE-5DA7-4065-B446-014822533CBC}.Debug|Any CPU.Build.0 = Debug|Any CPU
		{677B5FDE-5DA7-4065-B446-014822533CBC}.Release|Any CPU.ActiveCfg = Release|Any CPU
		{677B5FDE-5DA7-4065-B446-014822533CBC}.Release|Any CPU.Build.0 = Release|Any CPU
		{2D60FBB1-2869-4354-939B-7F72D9B314B3}.Debug|Any CPU.ActiveCfg = Debug|Any CPU
		{2D60FBB1-2869-4354-939B-7F72D9B314B3}.Debug|Any CPU.Build.0 = Debug|Any CPU
		{2D60FBB1-2869-4354-939B-7F72D9B314B3}.Release|Any CPU.ActiveCfg = Release|Any CPU
		{2D60FBB1-2869-4354-939B-7F72D9B314B3}.Release|Any CPU.Build.0 = Release|Any CPU
		{11FBA52A-1C5B-4248-A35C-3B7C95D9480C}.Debug|Any CPU.ActiveCfg = Debug|Any CPU
		{11FBA52A-1C5B-4248-A35C-3B7C95D9480C}.Debug|Any CPU.Build.0 = Debug|Any CPU
		{11FBA52A-1C5B-4248-A35C-3B7C95D9480C}.Release|Any CPU.ActiveCfg = Release|Any CPU
		{11FBA52A-1C5B-4248-A35C-3B7C95D9480C}.Release|Any CPU.Build.0 = Release|Any CPU
	EndGlobalSection
	GlobalSection(SolutionProperties) = preSolution
		HideSolutionNode = FALSE
	EndGlobalSection
	GlobalSection(NestedProjects) = preSolution
		{BE701549-33D0-4895-83D3-3A809CC0EAA6} = {52E320D6-30BC-4DC6-9C3A-10FB7E7B1228}
		{A9C0A719-E20B-4C57-A443-8C994C70FDA9} = {A2880392-B4EE-401E-B896-8FD38E8B0176}
		{F5C748BA-65E1-430D-8385-CFD198FE850E} = {AAAD01AE-698E-470D-B07A-BFE80E4046CB}
		{96D808B9-C3F8-4604-BE96-2C85074EC088} = {86379913-F85B-4466-A82D-0FCAA3D65501}
		{E2B6818F-68C8-40A1-8AC6-152BF9B48EA3} = {86379913-F85B-4466-A82D-0FCAA3D65501}
		{677B5FDE-5DA7-4065-B446-014822533CBC} = {86379913-F85B-4466-A82D-0FCAA3D65501}
		{2D60FBB1-2869-4354-939B-7F72D9B314B3} = {86379913-F85B-4466-A82D-0FCAA3D65501}
		{6216A19E-CA5A-4107-9F92-87BE13A346AB} = {CB066D1E-7C67-40AC-9F9F-19D75635B074}
		{11FBA52A-1C5B-4248-A35C-3B7C95D9480C} = {6216A19E-CA5A-4107-9F92-87BE13A346AB}
	EndGlobalSection
	GlobalSection(ExtensibilityGlobals) = postSolution
		SolutionGuid = {8C0D49DF-1E93-42DA-A343-18EBC2062313}
	EndGlobalSection
EndGlobal
